
Microsoft Visual Studio Solution File, Format Version 12.00
# Visual Studio 15
VisualStudioVersion = 15.0.28307.1231
MinimumVisualStudioVersion = 10.0.40219.1
Project("{FAE04EC0-301F-11D3-BF4B-00C04F79EFBC}") = "FirstExcelAddIn", "FirstExcelAddIn\FirstExcelAddIn.csproj", "{A102522E-EB2E-4AFE-869A-2A478B7B1EE5}"
EndProject
Global
	GlobalSection(SolutionConfigurationPlatforms) = preSolution
		Debug|Any CPU = Debug|Any CPU
		Release|Any CPU = Release|Any CPU
	EndGlobalSection
	GlobalSection(ProjectConfigurationPlatforms) = postSolution
		{A102522E-EB2E-4AFE-869A-2A478B7B1EE5}.Debug|Any CPU.ActiveCfg = Debug|Any CPU
		{A102522E-EB2E-4AFE-869A-2A478B7B1EE5}.Debug|Any CPU.Build.0 = Debug|Any CPU
		{A102522E-EB2E-4AFE-869A-2A478B7B1EE5}.Release|Any CPU.ActiveCfg = Release|Any CPU
		{A102522E-EB2E-4AFE-869A-2A478B7B1EE5}.Release|Any CPU.Build.0 = Release|Any CPU
	EndGlobalSection
	GlobalSection(SolutionProperties) = preSolution
		HideSolutionNode = FALSE
	EndGlobalSection
	GlobalSection(ExtensibilityGlobals) = postSolution
		SolutionGuid = {2A3B40DC-E985-48C8-9398-B36E01553E98}
	EndGlobalSection
EndGlobal
